
Microsoft Visual Studio Solution File, Format Version 12.00
# Visual Studio Version 17
VisualStudioVersion = 17.2.32616.157
MinimumVisualStudioVersion = 10.0.40219.1
Project("{FAE04EC0-301F-11D3-BF4B-00C04F79EFBC}") = "MethodOverloading", "MethodOverloading\MethodOverloading.csproj", "{DD1C0BCE-7821-4BD1-8E23-EAE2248C3EAF}"
EndProject
Global
	GlobalSection(SolutionConfigurationPlatforms) = preSolution
		Debug|Any CPU = Debug|Any CPU
		Release|Any CPU = Release|Any CPU
	EndGlobalSection
	GlobalSection(ProjectConfigurationPlatforms) = postSolution
		{DD1C0BCE-7821-4BD1-8E23-EAE2248C3EAF}.Debug|Any CPU.ActiveCfg = Debug|Any CPU
		{DD1C0BCE-7821-4BD1-8E23-EAE2248C3EAF}.Debug|Any CPU.Build.0 = Debug|Any CPU
		{DD1C0BCE-7821-4BD1-8E23-EAE2248C3EAF}.Release|Any CPU.ActiveCfg = Release|Any CPU
		{DD1C0BCE-7821-4BD1-8E23-EAE2248C3EAF}.Release|Any CPU.Build.0 = Release|Any CPU
	EndGlobalSection
	GlobalSection(SolutionProperties) = preSolution
		HideSolutionNode = FALSE
	EndGlobalSection
	GlobalSection(ExtensibilityGlobals) = postSolution
		SolutionGuid = {DEEEF621-427B-4C10-9401-7AAC8DD4C303}
	EndGlobalSection
EndGlobal
